{
  "name": "wonderlangpark",
  "version": "0.0.1",
  "lockfileVersion": 1,
  "requires": true,
  "dependencies": {
    "jongseong": {
      "version": "0.4.2",
      "resolved": "https://registry.npmjs.org/jongseong/-/jongseong-0.4.2.tgz",
      "integrity": "sha1-UAjBMzKCklcwTFRkH1UAh9L0yqk="
    },
    "josa": {
      "version": "3.0.1",
      "resolved": "https://registry.npmjs.org/josa/-/josa-3.0.1.tgz",
      "integrity": "sha1-4fqU/Hx4vh2B6WX+wK5Dvgod81I=",
      "requires": {
        "jongseong": "^0.4.2"
      }
    }
  }
}
